
Microsoft Visual Studio Solution File, Format Version 12.00
# Visual Studio 15
VisualStudioVersion = 15.0.28307.421
MinimumVisualStudioVersion = 10.0.40219.1
Project("{9A19103F-16F7-4668-BE54-9A1E7A4F7556}") = "CoreWebApi", "CoreWebApi\CoreWebApi.csproj", "{A6E9E7BB-F144-461D-9D44-6C21C3041878}"
EndProject
Project("{2150E333-8FDC-42A3-9474-1A3956D46DE8}") = "Build", "Build", "{6936C2E1-D436-4E45-ABAB-B4C19B6F9078}"
	ProjectSection(SolutionItems) = preProject
		build.bat = build.bat
		run.bat = run.bat
	EndProjectSection
EndProject
Global
	GlobalSection(SolutionConfigurationPlatforms) = preSolution
		Debug|Any CPU = Debug|Any CPU
		Release|Any CPU = Release|Any CPU
	EndGlobalSection
	GlobalSection(ProjectConfigurationPlatforms) = postSolution
		{A6E9E7BB-F144-461D-9D44-6C21C3041878}.Debug|Any CPU.ActiveCfg = Debug|Any CPU
		{A6E9E7BB-F144-461D-9D44-6C21C3041878}.Debug|Any CPU.Build.0 = Debug|Any CPU
		{A6E9E7BB-F144-461D-9D44-6C21C3041878}.Release|Any CPU.ActiveCfg = Release|Any CPU
		{A6E9E7BB-F144-461D-9D44-6C21C3041878}.Release|Any CPU.Build.0 = Release|Any CPU
	EndGlobalSection
	GlobalSection(SolutionProperties) = preSolution
		HideSolutionNode = FALSE
	EndGlobalSection
	GlobalSection(ExtensibilityGlobals) = postSolution
		SolutionGuid = {3E3DAFB0-3581-44A4-8AC3-90EC64915D00}
	EndGlobalSection
EndGlobal
